
Microsoft Visual Studio Solution File, Format Version 12.00
# Visual Studio Version 17
VisualStudioVersion = 17.12.35527.113
MinimumVisualStudioVersion = 10.0.40219.1
Project("{FAE04EC0-301F-11D3-BF4B-00C04F79EFBC}") = "ClassType", "ClassType\ClassType.csproj", "{4D401820-C737-4757-BB41-4A255D4AC5DE}"
EndProject
Project("{FAE04EC0-301F-11D3-BF4B-00C04F79EFBC}") = "LibrarySystem", "LibrarySystem\LibrarySystem.csproj", "{F748097A-5B83-4E3F-9CD0-811797ECF8F5}"
EndProject
Project("{FAE04EC0-301F-11D3-BF4B-00C04F79EFBC}") = "EmployeeApp", "EmployeeApp\EmployeeApp.csproj", "{3D366F1B-C6F2-4BF6-96BF-8D4A85A07544}"
EndProject
Project("{FAE04EC0-301F-11D3-BF4B-00C04F79EFBC}") = "AutoProps", "AutoProps\AutoProps.csproj", "{FEA44757-A378-408E-80AF-97D0018396A1}"
EndProject
Project("{FAE04EC0-301F-11D3-BF4B-00C04F79EFBC}") = "ObjectInitializers", "ObjectInitializers\ObjectInitializers.csproj", "{E3727297-4BB4-4620-9AF2-2F2CF4E4D79D}"
EndProject
Project("{FAE04EC0-301F-11D3-BF4B-00C04F79EFBC}") = "ConstData", "ConstData\ConstData.csproj", "{98A45E56-F982-4F43-8D33-AC49932DC9A2}"
EndProject
Project("{FAE04EC0-301F-11D3-BF4B-00C04F79EFBC}") = "FunWithRecords", "FunWithRecords\FunWithRecords.csproj", "{BB2FD21F-25F0-467C-BC42-0B53350B2735}"
EndProject
Project("{FAE04EC0-301F-11D3-BF4B-00C04F79EFBC}") = "BasicInheritance", "BasicInheritance\BasicInheritance.csproj", "{40D6EF65-1211-45D9-B466-36919CAFC2C7}"
EndProject
Project("{FAE04EC0-301F-11D3-BF4B-00C04F79EFBC}") = "Employees", "Employees\Employees.csproj", "{2EBB4973-7648-4337-BE0D-C4D6ED3B3B49}"
EndProject
Project("{FAE04EC0-301F-11D3-BF4B-00C04F79EFBC}") = "SmartHome", "SmartHome\SmartHome.csproj", "{C92FA545-9B7F-46C3-BF94-7E24B61DD055}"
EndProject
Project("{FAE04EC0-301F-11D3-BF4B-00C04F79EFBC}") = "ShapeDrawing", "ShapeDrawing\ShapeDrawing.csproj", "{5A2421EA-434B-4C6E-BE5E-AA82F9B59BC5}"
EndProject
Project("{FAE04EC0-301F-11D3-BF4B-00C04F79EFBC}") = "ObjectOverrides", "ObjectOverrides\ObjectOverrides.csproj", "{E588F1BD-E4A3-4BE9-8CAF-565D96659FFA}"
EndProject
Project("{FAE04EC0-301F-11D3-BF4B-00C04F79EFBC}") = "VehicleRental", "VehicleRental\VehicleRental.csproj", "{898DAF76-BA93-4794-A970-0ABD3284A46D}"
EndProject
Project("{FAE04EC0-301F-11D3-BF4B-00C04F79EFBC}") = "MagicalZoo", "MagicalZoo\MagicalZoo.csproj", "{16598A3F-977D-4EC6-83D7-A40CE2020AFE}"
EndProject
Project("{FAE04EC0-301F-11D3-BF4B-00C04F79EFBC}") = "SimpleException", "SimpleException\SimpleException.csproj", "{3C8B262B-D3AA-48ED-A346-4A107C105810}"
EndProject
Project("{FAE04EC0-301F-11D3-BF4B-00C04F79EFBC}") = "CustomException", "CustomException\CustomException.csproj", "{A7334604-12BC-415D-B5B3-D2DE9974873E}"
EndProject
Project("{FAE04EC0-301F-11D3-BF4B-00C04F79EFBC}") = "ProcessMultipleExceptions", "ProcessMultipleExceptions\ProcessMultipleExceptions.csproj", "{CCB681A7-C53B-49DC-81D7-E5F92F418BE6}"
EndProject
Project("{FAE04EC0-301F-11D3-BF4B-00C04F79EFBC}") = "CustomInterfaces", "CustomInterfaces\CustomInterfaces.csproj", "{BEA9CFAE-688D-438D-A444-88BF5C400B01}"
EndProject
Project("{FAE04EC0-301F-11D3-BF4B-00C04F79EFBC}") = "InterfaceNameClash", "InterfaceNameClash\InterfaceNameClash.csproj", "{6C7278B0-2633-4E7F-AA93-98351871150D}"
EndProject
Global
	GlobalSection(SolutionConfigurationPlatforms) = preSolution
		Debug|Any CPU = Debug|Any CPU
		Release|Any CPU = Release|Any CPU
	EndGlobalSection
	GlobalSection(ProjectConfigurationPlatforms) = postSolution
		{4D401820-C737-4757-BB41-4A255D4AC5DE}.Debug|Any CPU.ActiveCfg = Debug|Any CPU
		{4D401820-C737-4757-BB41-4A255D4AC5DE}.Debug|Any CPU.Build.0 = Debug|Any CPU
		{4D401820-C737-4757-BB41-4A255D4AC5DE}.Release|Any CPU.ActiveCfg = Release|Any CPU
		{4D401820-C737-4757-BB41-4A255D4AC5DE}.Release|Any CPU.Build.0 = Release|Any CPU
		{F748097A-5B83-4E3F-9CD0-811797ECF8F5}.Debug|Any CPU.ActiveCfg = Debug|Any CPU
		{F748097A-5B83-4E3F-9CD0-811797ECF8F5}.Debug|Any CPU.Build.0 = Debug|Any CPU
		{F748097A-5B83-4E3F-9CD0-811797ECF8F5}.Release|Any CPU.ActiveCfg = Release|Any CPU
		{F748097A-5B83-4E3F-9CD0-811797ECF8F5}.Release|Any CPU.Build.0 = Release|Any CPU
		{3D366F1B-C6F2-4BF6-96BF-8D4A85A07544}.Debug|Any CPU.ActiveCfg = Debug|Any CPU
		{3D366F1B-C6F2-4BF6-96BF-8D4A85A07544}.Debug|Any CPU.Build.0 = Debug|Any CPU
		{3D366F1B-C6F2-4BF6-96BF-8D4A85A07544}.Release|Any CPU.ActiveCfg = Release|Any CPU
		{3D366F1B-C6F2-4BF6-96BF-8D4A85A07544}.Release|Any CPU.Build.0 = Release|Any CPU
		{FEA44757-A378-408E-80AF-97D0018396A1}.Debug|Any CPU.ActiveCfg = Debug|Any CPU
		{FEA44757-A378-408E-80AF-97D0018396A1}.Debug|Any CPU.Build.0 = Debug|Any CPU
		{FEA44757-A378-408E-80AF-97D0018396A1}.Release|Any CPU.ActiveCfg = Release|Any CPU
		{FEA44757-A378-408E-80AF-97D0018396A1}.Release|Any CPU.Build.0 = Release|Any CPU
		{E3727297-4BB4-4620-9AF2-2F2CF4E4D79D}.Debug|Any CPU.ActiveCfg = Debug|Any CPU
		{E3727297-4BB4-4620-9AF2-2F2CF4E4D79D}.Debug|Any CPU.Build.0 = Debug|Any CPU
		{E3727297-4BB4-4620-9AF2-2F2CF4E4D79D}.Release|Any CPU.ActiveCfg = Release|Any CPU
		{E3727297-4BB4-4620-9AF2-2F2CF4E4D79D}.Release|Any CPU.Build.0 = Release|Any CPU
		{98A45E56-F982-4F43-8D33-AC49932DC9A2}.Debug|Any CPU.ActiveCfg = Debug|Any CPU
		{98A45E56-F982-4F43-8D33-AC49932DC9A2}.Debug|Any CPU.Build.0 = Debug|Any CPU
		{98A45E56-F982-4F43-8D33-AC49932DC9A2}.Release|Any CPU.ActiveCfg = Release|Any CPU
		{98A45E56-F982-4F43-8D33-AC49932DC9A2}.Release|Any CPU.Build.0 = Release|Any CPU
		{BB2FD21F-25F0-467C-BC42-0B53350B2735}.Debug|Any CPU.ActiveCfg = Debug|Any CPU
		{BB2FD21F-25F0-467C-BC42-0B53350B2735}.Debug|Any CPU.Build.0 = Debug|Any CPU
		{BB2FD21F-25F0-467C-BC42-0B53350B2735}.Release|Any CPU.ActiveCfg = Release|Any CPU
		{BB2FD21F-25F0-467C-BC42-0B53350B2735}.Release|Any CPU.Build.0 = Release|Any CPU
		{40D6EF65-1211-45D9-B466-36919CAFC2C7}.Debug|Any CPU.ActiveCfg = Debug|Any CPU
		{40D6EF65-1211-45D9-B466-36919CAFC2C7}.Debug|Any CPU.Build.0 = Debug|Any CPU
		{40D6EF65-1211-45D9-B466-36919CAFC2C7}.Release|Any CPU.ActiveCfg = Release|Any CPU
		{40D6EF65-1211-45D9-B466-36919CAFC2C7}.Release|Any CPU.Build.0 = Release|Any CPU
		{2EBB4973-7648-4337-BE0D-C4D6ED3B3B49}.Debug|Any CPU.ActiveCfg = Debug|Any CPU
		{2EBB4973-7648-4337-BE0D-C4D6ED3B3B49}.Debug|Any CPU.Build.0 = Debug|Any CPU
		{2EBB4973-7648-4337-BE0D-C4D6ED3B3B49}.Release|Any CPU.ActiveCfg = Release|Any CPU
		{2EBB4973-7648-4337-BE0D-C4D6ED3B3B49}.Release|Any CPU.Build.0 = Release|Any CPU
		{C92FA545-9B7F-46C3-BF94-7E24B61DD055}.Debug|Any CPU.ActiveCfg = Debug|Any CPU
		{C92FA545-9B7F-46C3-BF94-7E24B61DD055}.Debug|Any CPU.Build.0 = Debug|Any CPU
		{C92FA545-9B7F-46C3-BF94-7E24B61DD055}.Release|Any CPU.ActiveCfg = Release|Any CPU
		{C92FA545-9B7F-46C3-BF94-7E24B61DD055}.Release|Any CPU.Build.0 = Release|Any CPU
		{5A2421EA-434B-4C6E-BE5E-AA82F9B59BC5}.Debug|Any CPU.ActiveCfg = Debug|Any CPU
		{5A2421EA-434B-4C6E-BE5E-AA82F9B59BC5}.Debug|Any CPU.Build.0 = Debug|Any CPU
		{5A2421EA-434B-4C6E-BE5E-AA82F9B59BC5}.Release|Any CPU.ActiveCfg = Release|Any CPU
		{5A2421EA-434B-4C6E-BE5E-AA82F9B59BC5}.Release|Any CPU.Build.0 = Release|Any CPU
		{E588F1BD-E4A3-4BE9-8CAF-565D96659FFA}.Debug|Any CPU.ActiveCfg = Debug|Any CPU
		{E588F1BD-E4A3-4BE9-8CAF-565D96659FFA}.Debug|Any CPU.Build.0 = Debug|Any CPU
		{E588F1BD-E4A3-4BE9-8CAF-565D96659FFA}.Release|Any CPU.ActiveCfg = Release|Any CPU
		{E588F1BD-E4A3-4BE9-8CAF-565D96659FFA}.Release|Any CPU.Build.0 = Release|Any CPU
		{898DAF76-BA93-4794-A970-0ABD3284A46D}.Debug|Any CPU.ActiveCfg = Debug|Any CPU
		{898DAF76-BA93-4794-A970-0ABD3284A46D}.Debug|Any CPU.Build.0 = Debug|Any CPU
		{898DAF76-BA93-4794-A970-0ABD3284A46D}.Release|Any CPU.ActiveCfg = Release|Any CPU
		{898DAF76-BA93-4794-A970-0ABD3284A46D}.Release|Any CPU.Build.0 = Release|Any CPU
		{16598A3F-977D-4EC6-83D7-A40CE2020AFE}.Debug|Any CPU.ActiveCfg = Debug|Any CPU
		{16598A3F-977D-4EC6-83D7-A40CE2020AFE}.Debug|Any CPU.Build.0 = Debug|Any CPU
		{16598A3F-977D-4EC6-83D7-A40CE2020AFE}.Release|Any CPU.ActiveCfg = Release|Any CPU
		{16598A3F-977D-4EC6-83D7-A40CE2020AFE}.Release|Any CPU.Build.0 = Release|Any CPU
		{3C8B262B-D3AA-48ED-A346-4A107C105810}.Debug|Any CPU.ActiveCfg = Debug|Any CPU
		{3C8B262B-D3AA-48ED-A346-4A107C105810}.Debug|Any CPU.Build.0 = Debug|Any CPU
		{3C8B262B-D3AA-48ED-A346-4A107C105810}.Release|Any CPU.ActiveCfg = Release|Any CPU
		{3C8B262B-D3AA-48ED-A346-4A107C105810}.Release|Any CPU.Build.0 = Release|Any CPU
		{A7334604-12BC-415D-B5B3-D2DE9974873E}.Debug|Any CPU.ActiveCfg = Debug|Any CPU
		{A7334604-12BC-415D-B5B3-D2DE9974873E}.Debug|Any CPU.Build.0 = Debug|Any CPU
		{A7334604-12BC-415D-B5B3-D2DE9974873E}.Release|Any CPU.ActiveCfg = Release|Any CPU
		{A7334604-12BC-415D-B5B3-D2DE9974873E}.Release|Any CPU.Build.0 = Release|Any CPU
		{CCB681A7-C53B-49DC-81D7-E5F92F418BE6}.Debug|Any CPU.ActiveCfg = Debug|Any CPU
		{CCB681A7-C53B-49DC-81D7-E5F92F418BE6}.Debug|Any CPU.Build.0 = Debug|Any CPU
		{CCB681A7-C53B-49DC-81D7-E5F92F418BE6}.Release|Any CPU.ActiveCfg = Release|Any CPU
		{CCB681A7-C53B-49DC-81D7-E5F92F418BE6}.Release|Any CPU.Build.0 = Release|Any CPU
		{BEA9CFAE-688D-438D-A444-88BF5C400B01}.Debug|Any CPU.ActiveCfg = Debug|Any CPU
		{BEA9CFAE-688D-438D-A444-88BF5C400B01}.Debug|Any CPU.Build.0 = Debug|Any CPU
		{BEA9CFAE-688D-438D-A444-88BF5C400B01}.Release|Any CPU.ActiveCfg = Release|Any CPU
		{BEA9CFAE-688D-438D-A444-88BF5C400B01}.Release|Any CPU.Build.0 = Release|Any CPU
		{6C7278B0-2633-4E7F-AA93-98351871150D}.Debug|Any CPU.ActiveCfg = Debug|Any CPU
		{6C7278B0-2633-4E7F-AA93-98351871150D}.Debug|Any CPU.Build.0 = Debug|Any CPU
		{6C7278B0-2633-4E7F-AA93-98351871150D}.Release|Any CPU.ActiveCfg = Release|Any CPU
		{6C7278B0-2633-4E7F-AA93-98351871150D}.Release|Any CPU.Build.0 = Release|Any CPU
	EndGlobalSection
	GlobalSection(SolutionProperties) = preSolution
		HideSolutionNode = FALSE
	EndGlobalSection
EndGlobal
