
Microsoft Visual Studio Solution File, Format Version 12.00
# Visual Studio Version 17
VisualStudioVersion = 17.12.35527.113
MinimumVisualStudioVersion = 10.0.40219.1
Project("{FAE04EC0-301F-11D3-BF4B-00C04F79EFBC}") = "ClassType", "ClassType\ClassType.csproj", "{4D401820-C737-4757-BB41-4A255D4AC5DE}"
EndProject
Project("{FAE04EC0-301F-11D3-BF4B-00C04F79EFBC}") = "LibrarySystem", "LibrarySystem\LibrarySystem.csproj", "{F748097A-5B83-4E3F-9CD0-811797ECF8F5}"
EndProject
Project("{FAE04EC0-301F-11D3-BF4B-00C04F79EFBC}") = "EmployeeApp", "EmployeeApp\EmployeeApp.csproj", "{3D366F1B-C6F2-4BF6-96BF-8D4A85A07544}"
EndProject
Project("{FAE04EC0-301F-11D3-BF4B-00C04F79EFBC}") = "AutoProps", "AutoProps\AutoProps.csproj", "{FEA44757-A378-408E-80AF-97D0018396A1}"
EndProject
Project("{FAE04EC0-301F-11D3-BF4B-00C04F79EFBC}") = "ObjectInitializers", "ObjectInitializers\ObjectInitializers.csproj", "{E3727297-4BB4-4620-9AF2-2F2CF4E4D79D}"
EndProject
Project("{FAE04EC0-301F-11D3-BF4B-00C04F79EFBC}") = "ConstData", "ConstData\ConstData.csproj", "{98A45E56-F982-4F43-8D33-AC49932DC9A2}"
EndProject
Project("{FAE04EC0-301F-11D3-BF4B-00C04F79EFBC}") = "FunWithRecords", "FunWithRecords\FunWithRecords.csproj", "{BB2FD21F-25F0-467C-BC42-0B53350B2735}"
EndProject
Project("{FAE04EC0-301F-11D3-BF4B-00C04F79EFBC}") = "BasicInheritance", "BasicInheritance\BasicInheritance.csproj", "{40D6EF65-1211-45D9-B466-36919CAFC2C7}"
EndProject
Project("{FAE04EC0-301F-11D3-BF4B-00C04F79EFBC}") = "Employees", "Employees\Employees.csproj", "{2EBB4973-7648-4337-BE0D-C4D6ED3B3B49}"
EndProject
Global
	GlobalSection(SolutionConfigurationPlatforms) = preSolution
		Debug|Any CPU = Debug|Any CPU
		Release|Any CPU = Release|Any CPU
	EndGlobalSection
	GlobalSection(ProjectConfigurationPlatforms) = postSolution
		{4D401820-C737-4757-BB41-4A255D4AC5DE}.Debug|Any CPU.ActiveCfg = Debug|Any CPU
		{4D401820-C737-4757-BB41-4A255D4AC5DE}.Debug|Any CPU.Build.0 = Debug|Any CPU
		{4D401820-C737-4757-BB41-4A255D4AC5DE}.Release|Any CPU.ActiveCfg = Release|Any CPU
		{4D401820-C737-4757-BB41-4A255D4AC5DE}.Release|Any CPU.Build.0 = Release|Any CPU
		{F748097A-5B83-4E3F-9CD0-811797ECF8F5}.Debug|Any CPU.ActiveCfg = Debug|Any CPU
		{F748097A-5B83-4E3F-9CD0-811797ECF8F5}.Debug|Any CPU.Build.0 = Debug|Any CPU
		{F748097A-5B83-4E3F-9CD0-811797ECF8F5}.Release|Any CPU.ActiveCfg = Release|Any CPU
		{F748097A-5B83-4E3F-9CD0-811797ECF8F5}.Release|Any CPU.Build.0 = Release|Any CPU
		{3D366F1B-C6F2-4BF6-96BF-8D4A85A07544}.Debug|Any CPU.ActiveCfg = Debug|Any CPU
		{3D366F1B-C6F2-4BF6-96BF-8D4A85A07544}.Debug|Any CPU.Build.0 = Debug|Any CPU
		{3D366F1B-C6F2-4BF6-96BF-8D4A85A07544}.Release|Any CPU.ActiveCfg = Release|Any CPU
		{3D366F1B-C6F2-4BF6-96BF-8D4A85A07544}.Release|Any CPU.Build.0 = Release|Any CPU
		{FEA44757-A378-408E-80AF-97D0018396A1}.Debug|Any CPU.ActiveCfg = Debug|Any CPU
		{FEA44757-A378-408E-80AF-97D0018396A1}.Debug|Any CPU.Build.0 = Debug|Any CPU
		{FEA44757-A378-408E-80AF-97D0018396A1}.Release|Any CPU.ActiveCfg = Release|Any CPU
		{FEA44757-A378-408E-80AF-97D0018396A1}.Release|Any CPU.Build.0 = Release|Any CPU
		{E3727297-4BB4-4620-9AF2-2F2CF4E4D79D}.Debug|Any CPU.ActiveCfg = Debug|Any CPU
		{E3727297-4BB4-4620-9AF2-2F2CF4E4D79D}.Debug|Any CPU.Build.0 = Debug|Any CPU
		{E3727297-4BB4-4620-9AF2-2F2CF4E4D79D}.Release|Any CPU.ActiveCfg = Release|Any CPU
		{E3727297-4BB4-4620-9AF2-2F2CF4E4D79D}.Release|Any CPU.Build.0 = Release|Any CPU
		{98A45E56-F982-4F43-8D33-AC49932DC9A2}.Debug|Any CPU.ActiveCfg = Debug|Any CPU
		{98A45E56-F982-4F43-8D33-AC49932DC9A2}.Debug|Any CPU.Build.0 = Debug|Any CPU
		{98A45E56-F982-4F43-8D33-AC49932DC9A2}.Release|Any CPU.ActiveCfg = Release|Any CPU
		{98A45E56-F982-4F43-8D33-AC49932DC9A2}.Release|Any CPU.Build.0 = Release|Any CPU
		{BB2FD21F-25F0-467C-BC42-0B53350B2735}.Debug|Any CPU.ActiveCfg = Debug|Any CPU
		{BB2FD21F-25F0-467C-BC42-0B53350B2735}.Debug|Any CPU.Build.0 = Debug|Any CPU
		{BB2FD21F-25F0-467C-BC42-0B53350B2735}.Release|Any CPU.ActiveCfg = Release|Any CPU
		{BB2FD21F-25F0-467C-BC42-0B53350B2735}.Release|Any CPU.Build.0 = Release|Any CPU
		{40D6EF65-1211-45D9-B466-36919CAFC2C7}.Debug|Any CPU.ActiveCfg = Debug|Any CPU
		{40D6EF65-1211-45D9-B466-36919CAFC2C7}.Debug|Any CPU.Build.0 = Debug|Any CPU
		{40D6EF65-1211-45D9-B466-36919CAFC2C7}.Release|Any CPU.ActiveCfg = Release|Any CPU
		{40D6EF65-1211-45D9-B466-36919CAFC2C7}.Release|Any CPU.Build.0 = Release|Any CPU
		{2EBB4973-7648-4337-BE0D-C4D6ED3B3B49}.Debug|Any CPU.ActiveCfg = Debug|Any CPU
		{2EBB4973-7648-4337-BE0D-C4D6ED3B3B49}.Debug|Any CPU.Build.0 = Debug|Any CPU
		{2EBB4973-7648-4337-BE0D-C4D6ED3B3B49}.Release|Any CPU.ActiveCfg = Release|Any CPU
		{2EBB4973-7648-4337-BE0D-C4D6ED3B3B49}.Release|Any CPU.Build.0 = Release|Any CPU
	EndGlobalSection
	GlobalSection(SolutionProperties) = preSolution
		HideSolutionNode = FALSE
	EndGlobalSection
EndGlobal
