
Microsoft Visual Studio Solution File, Format Version 12.00
# Visual Studio Version 17
VisualStudioVersion = 17.12.35514.174
MinimumVisualStudioVersion = 10.0.40219.1
Project("{FAE04EC0-301F-11D3-BF4B-00C04F79EFBC}") = "EnvironmentClass", "EnvironmentClass\EnvironmentClass.csproj", "{FD3EA454-A265-416D-8A70-CB946BE37D70}"
EndProject
Project("{FAE04EC0-301F-11D3-BF4B-00C04F79EFBC}") = "FrequencyCounter", "FrequencyCounter\FrequencyCounter.csproj", "{9BCD03C4-B131-4167-980E-1CC9010EB6C7}"
EndProject
Project("{FAE04EC0-301F-11D3-BF4B-00C04F79EFBC}") = "PatternMatching", "PatternMatching\PatternMatching.csproj", "{17D814DA-6CA9-4FDB-A9FC-7321C52D7550}"
EndProject
Project("{FAE04EC0-301F-11D3-BF4B-00C04F79EFBC}") = "UnderstandingArrays", "UnderstandingArrays\UnderstandingArrays.csproj", "{38EC8305-31CE-4065-8F01-4A9958B74180}"
EndProject
Project("{FAE04EC0-301F-11D3-BF4B-00C04F79EFBC}") = "UnderstandingMethods", "UnderstandingMethods\UnderstandingMethods.csproj", "{E1DA3387-F0C8-4E18-95D2-1F1E4286B407}"
EndProject
Project("{FAE04EC0-301F-11D3-BF4B-00C04F79EFBC}") = "UnderstandingEnums", "UnderstandingEnums\UnderstandingEnums.csproj", "{F4F92CC7-56DD-4485-9D2D-79D067BB9773}"
EndProject
Project("{FAE04EC0-301F-11D3-BF4B-00C04F79EFBC}") = "UnderstandingStructs", "UnderstandingStructs\UnderstandingStructs.csproj", "{B69F32FA-F54B-4652-BB04-9AFA277C7B6A}"
EndProject
Project("{FAE04EC0-301F-11D3-BF4B-00C04F79EFBC}") = "UnderstandingNullable", "UnderstandingNullable\UnderstandingNullable.csproj", "{FB59DE3F-4500-4370-8CAC-7A5C51A7EB26}"
EndProject
Global
	GlobalSection(SolutionConfigurationPlatforms) = preSolution
		Debug|Any CPU = Debug|Any CPU
		Release|Any CPU = Release|Any CPU
	EndGlobalSection
	GlobalSection(ProjectConfigurationPlatforms) = postSolution
		{FD3EA454-A265-416D-8A70-CB946BE37D70}.Debug|Any CPU.ActiveCfg = Debug|Any CPU
		{FD3EA454-A265-416D-8A70-CB946BE37D70}.Debug|Any CPU.Build.0 = Debug|Any CPU
		{FD3EA454-A265-416D-8A70-CB946BE37D70}.Release|Any CPU.ActiveCfg = Release|Any CPU
		{FD3EA454-A265-416D-8A70-CB946BE37D70}.Release|Any CPU.Build.0 = Release|Any CPU
		{9BCD03C4-B131-4167-980E-1CC9010EB6C7}.Debug|Any CPU.ActiveCfg = Debug|Any CPU
		{9BCD03C4-B131-4167-980E-1CC9010EB6C7}.Debug|Any CPU.Build.0 = Debug|Any CPU
		{9BCD03C4-B131-4167-980E-1CC9010EB6C7}.Release|Any CPU.ActiveCfg = Release|Any CPU
		{9BCD03C4-B131-4167-980E-1CC9010EB6C7}.Release|Any CPU.Build.0 = Release|Any CPU
		{17D814DA-6CA9-4FDB-A9FC-7321C52D7550}.Debug|Any CPU.ActiveCfg = Debug|Any CPU
		{17D814DA-6CA9-4FDB-A9FC-7321C52D7550}.Debug|Any CPU.Build.0 = Debug|Any CPU
		{17D814DA-6CA9-4FDB-A9FC-7321C52D7550}.Release|Any CPU.ActiveCfg = Release|Any CPU
		{17D814DA-6CA9-4FDB-A9FC-7321C52D7550}.Release|Any CPU.Build.0 = Release|Any CPU
		{38EC8305-31CE-4065-8F01-4A9958B74180}.Debug|Any CPU.ActiveCfg = Debug|Any CPU
		{38EC8305-31CE-4065-8F01-4A9958B74180}.Debug|Any CPU.Build.0 = Debug|Any CPU
		{38EC8305-31CE-4065-8F01-4A9958B74180}.Release|Any CPU.ActiveCfg = Release|Any CPU
		{38EC8305-31CE-4065-8F01-4A9958B74180}.Release|Any CPU.Build.0 = Release|Any CPU
		{E1DA3387-F0C8-4E18-95D2-1F1E4286B407}.Debug|Any CPU.ActiveCfg = Debug|Any CPU
		{E1DA3387-F0C8-4E18-95D2-1F1E4286B407}.Debug|Any CPU.Build.0 = Debug|Any CPU
		{E1DA3387-F0C8-4E18-95D2-1F1E4286B407}.Release|Any CPU.ActiveCfg = Release|Any CPU
		{E1DA3387-F0C8-4E18-95D2-1F1E4286B407}.Release|Any CPU.Build.0 = Release|Any CPU
		{F4F92CC7-56DD-4485-9D2D-79D067BB9773}.Debug|Any CPU.ActiveCfg = Debug|Any CPU
		{F4F92CC7-56DD-4485-9D2D-79D067BB9773}.Debug|Any CPU.Build.0 = Debug|Any CPU
		{F4F92CC7-56DD-4485-9D2D-79D067BB9773}.Release|Any CPU.ActiveCfg = Release|Any CPU
		{F4F92CC7-56DD-4485-9D2D-79D067BB9773}.Release|Any CPU.Build.0 = Release|Any CPU
		{B69F32FA-F54B-4652-BB04-9AFA277C7B6A}.Debug|Any CPU.ActiveCfg = Debug|Any CPU
		{B69F32FA-F54B-4652-BB04-9AFA277C7B6A}.Debug|Any CPU.Build.0 = Debug|Any CPU
		{B69F32FA-F54B-4652-BB04-9AFA277C7B6A}.Release|Any CPU.ActiveCfg = Release|Any CPU
		{B69F32FA-F54B-4652-BB04-9AFA277C7B6A}.Release|Any CPU.Build.0 = Release|Any CPU
		{FB59DE3F-4500-4370-8CAC-7A5C51A7EB26}.Debug|Any CPU.ActiveCfg = Debug|Any CPU
		{FB59DE3F-4500-4370-8CAC-7A5C51A7EB26}.Debug|Any CPU.Build.0 = Debug|Any CPU
		{FB59DE3F-4500-4370-8CAC-7A5C51A7EB26}.Release|Any CPU.ActiveCfg = Release|Any CPU
		{FB59DE3F-4500-4370-8CAC-7A5C51A7EB26}.Release|Any CPU.Build.0 = Release|Any CPU
	EndGlobalSection
	GlobalSection(SolutionProperties) = preSolution
		HideSolutionNode = FALSE
	EndGlobalSection
EndGlobal
